
Microsoft Visual Studio Solution File, Format Version 12.00
# Visual Studio Version 17
VisualStudioVersion = 17.8.34316.72
MinimumVisualStudioVersion = 10.0.40219.1
Project("{FAE04EC0-301F-11D3-BF4B-00C04F79EFBC}") = "ProductManager", "ProductManager\ProductManager.csproj", "{6C779C88-0957-4259-8730-22F0E087ABB8}"
EndProject
Global
	GlobalSection(SolutionConfigurationPlatforms) = preSolution
		Debug|Any CPU = Debug|Any CPU
		Release|Any CPU = Release|Any CPU
	EndGlobalSection
	GlobalSection(ProjectConfigurationPlatforms) = postSolution
		{6C779C88-0957-4259-8730-22F0E087ABB8}.Debug|Any CPU.ActiveCfg = Debug|Any CPU
		{6C779C88-0957-4259-8730-22F0E087ABB8}.Debug|Any CPU.Build.0 = Debug|Any CPU
		{6C779C88-0957-4259-8730-22F0E087ABB8}.Release|Any CPU.ActiveCfg = Release|Any CPU
		{6C779C88-0957-4259-8730-22F0E087ABB8}.Release|Any CPU.Build.0 = Release|Any CPU
	EndGlobalSection
	GlobalSection(SolutionProperties) = preSolution
		HideSolutionNode = FALSE
	EndGlobalSection
	GlobalSection(ExtensibilityGlobals) = postSolution
		SolutionGuid = {CBC181DB-C3C5-4FC5-A615-BB76C4AEBC9B}
	EndGlobalSection
EndGlobal
