
Microsoft Visual Studio Solution File, Format Version 12.00
# Visual Studio Version 17
VisualStudioVersion = 17.8.34316.72
MinimumVisualStudioVersion = 10.0.40219.1
Project("{FAE04EC0-301F-11D3-BF4B-00C04F79EFBC}") = "UserManager", "UserManager\UserManager.csproj", "{1C095DE6-7E5A-43EE-9CF9-914E05CD759D}"
EndProject
Global
	GlobalSection(SolutionConfigurationPlatforms) = preSolution
		Debug|Any CPU = Debug|Any CPU
		Release|Any CPU = Release|Any CPU
	EndGlobalSection
	GlobalSection(ProjectConfigurationPlatforms) = postSolution
		{1C095DE6-7E5A-43EE-9CF9-914E05CD759D}.Debug|Any CPU.ActiveCfg = Debug|Any CPU
		{1C095DE6-7E5A-43EE-9CF9-914E05CD759D}.Debug|Any CPU.Build.0 = Debug|Any CPU
		{1C095DE6-7E5A-43EE-9CF9-914E05CD759D}.Release|Any CPU.ActiveCfg = Release|Any CPU
		{1C095DE6-7E5A-43EE-9CF9-914E05CD759D}.Release|Any CPU.Build.0 = Release|Any CPU
	EndGlobalSection
	GlobalSection(SolutionProperties) = preSolution
		HideSolutionNode = FALSE
	EndGlobalSection
	GlobalSection(ExtensibilityGlobals) = postSolution
		SolutionGuid = {0F157FD2-3BB5-4BB2-84CA-651139D01CAF}
	EndGlobalSection
EndGlobal
